
Microsoft Visual Studio Solution File, Format Version 12.00
# Visual Studio Version 17
VisualStudioVersion = 17.0.32112.339
MinimumVisualStudioVersion = 10.0.40219.1
Project("{9A19103F-16F7-4668-BE54-9A1E7A4F7556}") = "TowerOfDaedalus_WebApp_Tests", "TowerOfDaedalus_WebApp_Tests\TowerOfDaedalus_WebApp_Tests.csproj", "{D1998C56-6A75-4E6F-AB48-631C6F599BEC}"
	ProjectSection(ProjectDependencies) = postProject
		{214427B9-8B0D-4CB7-BA79-14E084BC0B8F} = {214427B9-8B0D-4CB7-BA79-14E084BC0B8F}
		{7C69876B-D521-4FC0-906C-BA92F86B7F66} = {7C69876B-D521-4FC0-906C-BA92F86B7F66}
		{844D693C-615F-40FB-8CA2-49617FAE0FF6} = {844D693C-615F-40FB-8CA2-49617FAE0FF6}
	EndProjectSection
EndProject
Project("{E53339B2-1760-4266-BCC7-CA923CBCF16C}") = "docker-compose", "docker-compose.dcproj", "{BA20ED1D-DB72-4B6C-B457-FDEB1D1BC1BC}"
	ProjectSection(ProjectDependencies) = postProject
		{214427B9-8B0D-4CB7-BA79-14E084BC0B8F} = {214427B9-8B0D-4CB7-BA79-14E084BC0B8F}
		{31881403-F8F7-4BFE-88BF-5A92102D6FA8} = {31881403-F8F7-4BFE-88BF-5A92102D6FA8}
		{7C69876B-D521-4FC0-906C-BA92F86B7F66} = {7C69876B-D521-4FC0-906C-BA92F86B7F66}
		{844D693C-615F-40FB-8CA2-49617FAE0FF6} = {844D693C-615F-40FB-8CA2-49617FAE0FF6}
		{B8EE7FA8-E12F-443F-9FF4-3873A7E808A5} = {B8EE7FA8-E12F-443F-9FF4-3873A7E808A5}
	EndProjectSection
EndProject
Project("{9A19103F-16F7-4668-BE54-9A1E7A4F7556}") = "TowerOfDaedalus_WebApp_Blazor", "TowerOfDaedalus_WebApp_Blazor\TowerOfDaedalus_WebApp_Blazor.csproj", "{B8EE7FA8-E12F-443F-9FF4-3873A7E808A5}"
EndProject
Project("{9A19103F-16F7-4668-BE54-9A1E7A4F7556}") = "TowerOfDaedalus_WebApp_Arango", "TowerOfDaedalus_WebApp_Arango\TowerOfDaedalus_WebApp_Arango.csproj", "{31881403-F8F7-4BFE-88BF-5A92102D6FA8}"
EndProject
Project("{9A19103F-16F7-4668-BE54-9A1E7A4F7556}") = "TowerOfDaedalus_WebApp_RESTApi", "TowerOfDaedalus_WebApp_RESTApi\TowerOfDaedalus_WebApp_RESTApi.csproj", "{844D693C-615F-40FB-8CA2-49617FAE0FF6}"
	ProjectSection(ProjectDependencies) = postProject
		{31881403-F8F7-4BFE-88BF-5A92102D6FA8} = {31881403-F8F7-4BFE-88BF-5A92102D6FA8}
	EndProjectSection
EndProject
Project("{9A19103F-16F7-4668-BE54-9A1E7A4F7556}") = "TowerOfDaedalus_WebApp_IntegrationTests", "TowerOfDaedalus_WebApp_IntegrationTests\TowerOfDaedalus_WebApp_IntegrationTests.csproj", "{E7F9D42D-BFEB-4047-ADD3-9A56535F7580}"
	ProjectSection(ProjectDependencies) = postProject
		{214427B9-8B0D-4CB7-BA79-14E084BC0B8F} = {214427B9-8B0D-4CB7-BA79-14E084BC0B8F}
		{31881403-F8F7-4BFE-88BF-5A92102D6FA8} = {31881403-F8F7-4BFE-88BF-5A92102D6FA8}
		{7C69876B-D521-4FC0-906C-BA92F86B7F66} = {7C69876B-D521-4FC0-906C-BA92F86B7F66}
		{844D693C-615F-40FB-8CA2-49617FAE0FF6} = {844D693C-615F-40FB-8CA2-49617FAE0FF6}
		{B8EE7FA8-E12F-443F-9FF4-3873A7E808A5} = {B8EE7FA8-E12F-443F-9FF4-3873A7E808A5}
	EndProjectSection
EndProject
Project("{9A19103F-16F7-4668-BE54-9A1E7A4F7556}") = "TowerOfDaedalus_WebApp_Razor", "TowerOfDaedalus_WebApp_Razor\TowerOfDaedalus_WebApp_Razor.csproj", "{7C69876B-D521-4FC0-906C-BA92F86B7F66}"
	ProjectSection(ProjectDependencies) = postProject
		{31881403-F8F7-4BFE-88BF-5A92102D6FA8} = {31881403-F8F7-4BFE-88BF-5A92102D6FA8}
	EndProjectSection
EndProject
Project("{9A19103F-16F7-4668-BE54-9A1E7A4F7556}") = "TowerOfDaedalus_WebApp_DiscordBot", "TowerOfDaedalus_WebApp_DiscordBot\TowerOfDaedalus_WebApp_DiscordBot.csproj", "{2161CE92-8408-4897-B0AA-91D0BC92FDBA}"
EndProject
Project("{FAE04EC0-301F-11D3-BF4B-00C04F79EFBC}") = "TowerOfDaedalus_WebApp_Kafka", "TowerOfDaedalus_WebApp_Kafka\TowerOfDaedalus_WebApp_Kafka.csproj", "{214427B9-8B0D-4CB7-BA79-14E084BC0B8F}"
EndProject
Global
	GlobalSection(SolutionConfigurationPlatforms) = preSolution
		Debug|Any CPU = Debug|Any CPU
		Release|Any CPU = Release|Any CPU
	EndGlobalSection
	GlobalSection(ProjectConfigurationPlatforms) = postSolution
		{D1998C56-6A75-4E6F-AB48-631C6F599BEC}.Debug|Any CPU.ActiveCfg = Debug|Any CPU
		{D1998C56-6A75-4E6F-AB48-631C6F599BEC}.Debug|Any CPU.Build.0 = Debug|Any CPU
		{D1998C56-6A75-4E6F-AB48-631C6F599BEC}.Release|Any CPU.ActiveCfg = Release|Any CPU
		{D1998C56-6A75-4E6F-AB48-631C6F599BEC}.Release|Any CPU.Build.0 = Release|Any CPU
		{BA20ED1D-DB72-4B6C-B457-FDEB1D1BC1BC}.Debug|Any CPU.ActiveCfg = Debug|Any CPU
		{BA20ED1D-DB72-4B6C-B457-FDEB1D1BC1BC}.Debug|Any CPU.Build.0 = Debug|Any CPU
		{BA20ED1D-DB72-4B6C-B457-FDEB1D1BC1BC}.Release|Any CPU.ActiveCfg = Release|Any CPU
		{BA20ED1D-DB72-4B6C-B457-FDEB1D1BC1BC}.Release|Any CPU.Build.0 = Release|Any CPU
		{B8EE7FA8-E12F-443F-9FF4-3873A7E808A5}.Debug|Any CPU.ActiveCfg = Debug|Any CPU
		{B8EE7FA8-E12F-443F-9FF4-3873A7E808A5}.Debug|Any CPU.Build.0 = Debug|Any CPU
		{B8EE7FA8-E12F-443F-9FF4-3873A7E808A5}.Release|Any CPU.ActiveCfg = Release|Any CPU
		{B8EE7FA8-E12F-443F-9FF4-3873A7E808A5}.Release|Any CPU.Build.0 = Release|Any CPU
		{31881403-F8F7-4BFE-88BF-5A92102D6FA8}.Debug|Any CPU.ActiveCfg = Debug|Any CPU
		{31881403-F8F7-4BFE-88BF-5A92102D6FA8}.Debug|Any CPU.Build.0 = Debug|Any CPU
		{31881403-F8F7-4BFE-88BF-5A92102D6FA8}.Release|Any CPU.ActiveCfg = Release|Any CPU
		{31881403-F8F7-4BFE-88BF-5A92102D6FA8}.Release|Any CPU.Build.0 = Release|Any CPU
		{844D693C-615F-40FB-8CA2-49617FAE0FF6}.Debug|Any CPU.ActiveCfg = Debug|Any CPU
		{844D693C-615F-40FB-8CA2-49617FAE0FF6}.Debug|Any CPU.Build.0 = Debug|Any CPU
		{844D693C-615F-40FB-8CA2-49617FAE0FF6}.Release|Any CPU.ActiveCfg = Release|Any CPU
		{844D693C-615F-40FB-8CA2-49617FAE0FF6}.Release|Any CPU.Build.0 = Release|Any CPU
		{E7F9D42D-BFEB-4047-ADD3-9A56535F7580}.Debug|Any CPU.ActiveCfg = Debug|Any CPU
		{E7F9D42D-BFEB-4047-ADD3-9A56535F7580}.Debug|Any CPU.Build.0 = Debug|Any CPU
		{E7F9D42D-BFEB-4047-ADD3-9A56535F7580}.Release|Any CPU.ActiveCfg = Release|Any CPU
		{E7F9D42D-BFEB-4047-ADD3-9A56535F7580}.Release|Any CPU.Build.0 = Release|Any CPU
		{7C69876B-D521-4FC0-906C-BA92F86B7F66}.Debug|Any CPU.ActiveCfg = Debug|Any CPU
		{7C69876B-D521-4FC0-906C-BA92F86B7F66}.Debug|Any CPU.Build.0 = Debug|Any CPU
		{7C69876B-D521-4FC0-906C-BA92F86B7F66}.Release|Any CPU.ActiveCfg = Release|Any CPU
		{7C69876B-D521-4FC0-906C-BA92F86B7F66}.Release|Any CPU.Build.0 = Release|Any CPU
		{2161CE92-8408-4897-B0AA-91D0BC92FDBA}.Debug|Any CPU.ActiveCfg = Debug|Any CPU
		{2161CE92-8408-4897-B0AA-91D0BC92FDBA}.Debug|Any CPU.Build.0 = Debug|Any CPU
		{2161CE92-8408-4897-B0AA-91D0BC92FDBA}.Release|Any CPU.ActiveCfg = Release|Any CPU
		{2161CE92-8408-4897-B0AA-91D0BC92FDBA}.Release|Any CPU.Build.0 = Release|Any CPU
		{214427B9-8B0D-4CB7-BA79-14E084BC0B8F}.Debug|Any CPU.ActiveCfg = Debug|Any CPU
		{214427B9-8B0D-4CB7-BA79-14E084BC0B8F}.Debug|Any CPU.Build.0 = Debug|Any CPU
		{214427B9-8B0D-4CB7-BA79-14E084BC0B8F}.Release|Any CPU.ActiveCfg = Release|Any CPU
		{214427B9-8B0D-4CB7-BA79-14E084BC0B8F}.Release|Any CPU.Build.0 = Release|Any CPU
	EndGlobalSection
	GlobalSection(SolutionProperties) = preSolution
		HideSolutionNode = FALSE
	EndGlobalSection
	GlobalSection(ExtensibilityGlobals) = postSolution
		SolutionGuid = {2E94A5F2-589E-400F-9F20-DD3C9115DB02}
	EndGlobalSection
EndGlobal
